
Microsoft Visual Studio Solution File, Format Version 12.00
# Visual Studio Version 17
VisualStudioVersion = 17.2.32616.157
MinimumVisualStudioVersion = 10.0.40219.1
Project("{FAE04EC0-301F-11D3-BF4B-00C04F79EFBC}") = "MiniProject", "MiniProject\MiniProject.csproj", "{B031ED10-11A6-4FA0-8DA7-F80CABB1AD5E}"
EndProject
Global
	GlobalSection(SolutionConfigurationPlatforms) = preSolution
		Debug|Any CPU = Debug|Any CPU
		Release|Any CPU = Release|Any CPU
	EndGlobalSection
	GlobalSection(ProjectConfigurationPlatforms) = postSolution
		{B031ED10-11A6-4FA0-8DA7-F80CABB1AD5E}.Debug|Any CPU.ActiveCfg = Debug|Any CPU
		{B031ED10-11A6-4FA0-8DA7-F80CABB1AD5E}.Debug|Any CPU.Build.0 = Debug|Any CPU
		{B031ED10-11A6-4FA0-8DA7-F80CABB1AD5E}.Release|Any CPU.ActiveCfg = Release|Any CPU
		{B031ED10-11A6-4FA0-8DA7-F80CABB1AD5E}.Release|Any CPU.Build.0 = Release|Any CPU
	EndGlobalSection
	GlobalSection(SolutionProperties) = preSolution
		HideSolutionNode = FALSE
	EndGlobalSection
	GlobalSection(ExtensibilityGlobals) = postSolution
		SolutionGuid = {1207C7B5-A4E5-4D47-86FE-03FC7B605751}
	EndGlobalSection
EndGlobal
